// !$*UTF8*$!
{
	archiveVersion = 1;
	classes = {
	};
	objectVersion = 46;
	objects = {

/* Begin PBXBuildFile section */
		72D025561A5D99FF00974DD0 /* main.m in Sources */ = {isa = PBXBuildFile; fileRef = 72D025551A5D99FF00974DD0 /* main.m */; };
		72D025591A5D99FF00974DD0 /* AppDelegate.m in Sources */ = {isa = PBXBuildFile; fileRef = 72D025581A5D99FF00974DD0 /* AppDelegate.m */; };
		72D0255C1A5D99FF00974DD0 /* ViewController.m in Sources */ = {isa = PBXBuildFile; fileRef = 72D0255B1A5D99FF00974DD0 /* ViewController.m */; };
		72D0255F1A5D99FF00974DD0 /* Main.storyboard in Resources */ = {isa = PBXBuildFile; fileRef = 72D0255D1A5D99FF00974DD0 /* Main.storyboard */; };
		72D025611A5D99FF00974DD0 /* Images.xcassets in Resources */ = {isa = PBXBuildFile; fileRef = 72D025601A5D99FF00974DD0 /* Images.xcassets */; };
		72D025641A5D99FF00974DD0 /* LaunchScreen.xib in Resources */ = {isa = PBXBuildFile; fileRef = 72D025621A5D99FF00974DD0 /* LaunchScreen.xib */; };
		72D025701A5D99FF00974DD0 /* GoneBananas2Tests.m in Sources */ = {isa = PBXBuildFile; fileRef = 72D0256F1A5D99FF00974DD0 /* GoneBananas2Tests.m */; };
/* End PBXBuildFile section */

/* Begin PBXContainerItemProxy section */
		72D0256A1A5D99FF00974DD0 /* PBXContainerItemProxy */ = {
			isa = PBXContainerItemProxy;
			containerPortal = 72D025481A5D99FF00974DD0 /* Project object */;
			proxyType = 1;
			remoteGlobalIDString = 72D0254F1A5D99FF00974DD0;
			remoteInfo = GoneBananas2;
		};
/* End PBXContainerItemProxy section */

/* Begin PBXFileReference section */
		72D025501A5D99FF00974DD0 /* GoneBananas2.app */ = {isa = PBXFileReference; explicitFileType = wrapper.application; includeInIndex = 0; path = GoneBananas2.app; sourceTree = BUILT_PRODUCTS_DIR; };
		72D025541A5D99FF00974DD0 /* Info.plist */ = {isa = PBXFileReference; lastKnownFileType = text.plist.xml; path = Info.plist; sourceTree = "<group>"; };
		72D025551A5D99FF00974DD0 /* main.m */ = {isa = PBXFileReference; lastKnownFileType = sourcecode.c.objc; path = main.m; sourceTree = "<group>"; };
		72D025571A5D99FF00974DD0 /* AppDelegate.h */ = {isa = PBXFileReference; lastKnownFileType = sourcecode.c.h; path = AppDelegate.h; sourceTree = "<group>"; };
		72D025581A5D99FF00974DD0 /* AppDelegate.m */ = {isa = PBXFileReference; lastKnownFileType = sourcecode.c.objc; path = AppDelegate.m; sourceTree = "<group>"; };
		72D0255A1A5D99FF00974DD0 /* ViewController.h */ = {isa = PBXFileReference; lastKnownFileType = sourcecode.c.h; path = ViewController.h; sourceTree = "<group>"; };
		72D0255B1A5D99FF00974DD0 /* ViewController.m */ = {isa = PBXFileReference; lastKnownFileType = sourcecode.c.objc; path = ViewController.m; sourceTree = "<group>"; };
		72D0255E1A5D99FF00974DD0 /* Base */ = {isa = PBXFileReference; lastKnownFileType = file.storyboard; name = Base; path = Base.lproj/Main.storyboard; sourceTree = "<group>"; };
		72D025601A5D99FF00974DD0 /* Images.xcassets */ = {isa = PBXFileReference; lastKnownFileType = folder.assetcatalog; path = Images.xcassets; sourceTree = "<group>"; };
		72D025631A5D99FF00974DD0 /* Base */ = {isa = PBXFileReference; lastKnownFileType = file.xib; name = Base; path = Base.lproj/LaunchScreen.xib; sourceTree = "<group>"; };
		72D025691A5D99FF00974DD0 /* GoneBananas2Tests.xctest */ = {isa = PBXFileReference; explicitFileType = wrapper.cfbundle; includeInIndex = 0; path = GoneBananas2Tests.xctest; sourceTree = BUILT_PRODUCTS_DIR; };
		72D0256E1A5D99FF00974DD0 /* Info.plist */ = {isa = PBXFileReference; lastKnownFileType = text.plist.xml; path = Info.plist; sourceTree = "<group>"; };
		72D0256F1A5D99FF00974DD0 /* GoneBananas2Tests.m */ = {isa = PBXFileReference; lastKnownFileType = sourcecode.c.objc; path = GoneBananas2Tests.m; sourceTree = "<group>"; };
/* End PBXFileReference section */

/* Begin PBXFrameworksBuildPhase section */
		72D0254D1A5D99FF00974DD0 /* Frameworks */ = {
			isa = PBXFrameworksBuildPhase;
			buildActionMask = 2147483647;
			files = (
			);
			runOnlyForDeploymentPostprocessing = 0;
		};
		72D025661A5D99FF00974DD0 /* Frameworks */ = {
			isa = PBXFrameworksBuildPhase;
			buildActionMask = 2147483647;
			files = (
			);
			runOnlyForDeploymentPostprocessing = 0;
		};
/* End PBXFrameworksBuildPhase section */

/* Begin PBXGroup section */
		72D025471A5D99FF00974DD0 = {
			isa = PBXGroup;
			children = (
				72D025521A5D99FF00974DD0 /* GoneBananas2 */,
				72D0256C1A5D99FF00974DD0 /* GoneBananas2Tests */,
				72D025511A5D99FF00974DD0 /* Products */,
			);
			sourceTree = "<group>";
		};
		72D025511A5D99FF00974DD0 /* Products */ = {
			isa = PBXGroup;
			children = (
				72D025501A5D99FF00974DD0 /* GoneBananas2.app */,
				72D025691A5D99FF00974DD0 /* GoneBananas2Tests.xctest */,
			);
			name = Products;
			sourceTree = "<group>";
		};
		72D025521A5D99FF00974DD0 /* GoneBananas2 */ = {
			isa = PBXGroup;
			children = (
				72D025571A5D99FF00974DD0 /* AppDelegate.h */,
				72D025581A5D99FF00974DD0 /* AppDelegate.m */,
				72D0255A1A5D99FF00974DD0 /* ViewController.h */,
				72D0255B1A5D99FF00974DD0 /* ViewController.m */,
				72D0255D1A5D99FF00974DD0 /* Main.storyboard */,
				72D025601A5D99FF00974DD0 /* Images.xcassets */,
				72D025621A5D99FF00974DD0 /* LaunchScreen.xib */,
				72D025531A5D99FF00974DD0 /* Supporting Files */,
			);
			path = GoneBananas2;
			sourceTree = "<group>";
		};
		72D025531A5D99FF00974DD0 /* Supporting Files */ = {
			isa = PBXGroup;
			children = (
				72D025541A5D99FF00974DD0 /* Info.plist */,
				72D025551A5D99FF00974DD0 /* main.m */,
			);
			name = "Supporting Files";
			sourceTree = "<group>";
		};
		72D0256C1A5D99FF00974DD0 /* GoneBananas2Tests */ = {
			isa = PBXGroup;
			children = (
				72D0256F1A5D99FF00974DD0 /* GoneBananas2Tests.m */,
				72D0256D1A5D99FF00974DD0 /* Supporting Files */,
			);
			path = GoneBananas2Tests;
			sourceTree = "<group>";
		};
		72D0256D1A5D99FF00974DD0 /* Supporting Files */ = {
			isa = PBXGroup;
			children = (
				72D0256E1A5D99FF00974DD0 /* Info.plist */,
			);
			name = "Supporting Files";
			sourceTree = "<group>";
		};
/* End PBXGroup section */

/* Begin PBXNativeTarget section */
		72D0254F1A5D99FF00974DD0 /* GoneBananas2 */ = {
			isa = PBXNativeTarget;
			buildConfigurationList = 72D025731A5D99FF00974DD0 /* Build configuration list for PBXNativeTarget "GoneBananas2" */;
			buildPhases = (
				72D0254C1A5D99FF00974DD0 /* Sources */,
				72D0254D1A5D99FF00974DD0 /* Frameworks */,
				72D0254E1A5D99FF00974DD0 /* Resources */,
			);
			buildRules = (
			);
			dependencies = (
			);
			name = GoneBananas2;
			productName = GoneBananas2;
			productReference = 72D025501A5D99FF00974DD0 /* GoneBananas2.app */;
			productType = "com.apple.product-type.application";
		};
		72D025681A5D99FF00974DD0 /* GoneBananas2Tests */ = {
			isa = PBXNativeTarget;
			buildConfigurationList = 72D025761A5D99FF00974DD0 /* Build configuration list for PBXNativeTarget "GoneBananas2Tests" */;
			buildPhases = (
				72D025651A5D99FF00974DD0 /* Sources */,
				72D025661A5D99FF00974DD0 /* Frameworks */,
				72D025671A5D99FF00974DD0 /* Resources */,
			);
			buildRules = (
			);
			dependencies = (
				72D0256B1A5D99FF00974DD0 /* PBXTargetDependency */,
			);
			name = GoneBananas2Tests;
			productName = GoneBananas2Tests;
			productReference = 72D025691A5D99FF00974DD0 /* GoneBananas2Tests.xctest */;
			productType = "com.apple.product-type.bundle.unit-test";
		};
/* End PBXNativeTarget section */

/* Begin PBXProject section */
		72D025481A5D99FF00974DD0 /* Project object */ = {
			isa = PBXProject;
			attributes = {
				LastUpgradeCheck = 0600;
				ORGANIZATIONNAME = ColtonJ;
				TargetAttributes = {
					72D0254F1A5D99FF00974DD0 = {
						CreatedOnToolsVersion = 6.0;
					};
					72D025681A5D99FF00974DD0 = {
						CreatedOnToolsVersion = 6.0;
						TestTargetID = 72D0254F1A5D99FF00974DD0;
					};
				};
			};
			buildConfigurationList = 72D0254B1A5D99FF00974DD0 /* Build configuration list for PBXProject "GoneBananas2" */;
			compatibilityVersion = "Xcode 3.2";
			developmentRegion = English;
			hasScannedForEncodings = 0;
			knownRegions = (
				en,
				Base,
			);
			mainGroup = 72D025471A5D99FF00974DD0;
			productRefGroup = 72D025511A5D99FF00974DD0 /* Products */;
			projectDirPath = "";
			projectRoot = "";
			targets = (
				72D0254F1A5D99FF00974DD0 /* GoneBananas2 */,
				72D025681A5D99FF00974DD0 /* GoneBananas2Tests */,
			);
		};
/* End PBXProject section */

/* Begin PBXResourcesBuildPhase section */
		72D0254E1A5D99FF00974DD0 /* Resources */ = {
			isa = PBXResourcesBuildPhase;
			buildActionMask = 2147483647;
			files = (
				72D0255F1A5D99FF00974DD0 /* Main.storyboard in Resources */,
				72D025641A5D99FF00974DD0 /* LaunchScreen.xib in Resources */,
				72D025611A5D99FF00974DD0 /* Images.xcassets in Resources */,
			);
			runOnlyForDeploymentPostprocessing = 0;
		};
		72D025671A5D99FF00974DD0 /* Resources */ = {
			isa = PBXResourcesBuildPhase;
			buildActionMask = 2147483647;
			files = (
			);
			runOnlyForDeploymentPostprocessing = 0;
		};
/* End PBXResourcesBuildPhase section */

/* Begin PBXSourcesBuildPhase section */
		72D0254C1A5D99FF00974DD0 /* Sources */ = {
			isa = PBXSourcesBuildPhase;
			buildActionMask = 2147483647;
			files = (
				72D0255C1A5D99FF00974DD0 /* ViewController.m in Sources */,
				72D025591A5D99FF00974DD0 /* AppDelegate.m in Sources */,
				72D025561A5D99FF00974DD0 /* main.m in Sources */,
			);
			runOnlyForDeploymentPostprocessing = 0;
		};
		72D025651A5D99FF00974DD0 /* Sources */ = {
			isa = PBXSourcesBuildPhase;
			buildActionMask = 2147483647;
			files = (
				72D025701A5D99FF00974DD0 /* GoneBananas2Tests.m in Sources */,
			);
			runOnlyForDeploymentPostprocessing = 0;
		};
/* End PBXSourcesBuildPhase section */

/* Begin PBXTargetDependency section */
		72D0256B1A5D99FF00974DD0 /* PBXTargetDependency */ = {
			isa = PBXTargetDependency;
			target = 72D0254F1A5D99FF00974DD0 /* GoneBananas2 */;
			targetProxy = 72D0256A1A5D99FF00974DD0 /* PBXContainerItemProxy */;
		};
/* End PBXTargetDependency section */

/* Begin PBXVariantGroup section */
		72D0255D1A5D99FF00974DD0 /* Main.storyboard */ = {
			isa = PBXVariantGroup;
			children = (
				72D0255E1A5D99FF00974DD0 /* Base */,
			);
			name = Main.storyboard;
			sourceTree = "<group>";
		};
		72D025621A5D99FF00974DD0 /* LaunchScreen.xib */ = {
			isa = PBXVariantGroup;
			children = (
				72D025631A5D99FF00974DD0 /* Base */,
			);
			name = LaunchScreen.xib;
			sourceTree = "<group>";
		};
/* End PBXVariantGroup section */

/* Begin XCBuildConfiguration section */
		72D025711A5D99FF00974DD0 /* Debug */ = {
			isa = XCBuildConfiguration;
			buildSettings = {
				ALWAYS_SEARCH_USER_PATHS = NO;
				CLANG_CXX_LANGUAGE_STANDARD = "gnu++0x";
				CLANG_CXX_LIBRARY = "libc++";
				CLANG_ENABLE_MODULES = YES;
				CLANG_ENABLE_OBJC_ARC = YES;
				CLANG_WARN_BOOL_CONVERSION = YES;
				CLANG_WARN_CONSTANT_CONVERSION = YES;
				CLANG_WARN_DIRECT_OBJC_ISA_USAGE = YES_ERROR;
				CLANG_WARN_EMPTY_BODY = YES;
				CLANG_WARN_ENUM_CONVERSION = YES;
				CLANG_WARN_INT_CONVERSION = YES;
				CLANG_WARN_OBJC_ROOT_CLASS = YES_ERROR;
				CLANG_WARN_UNREACHABLE_CODE = YES;
				CLANG_WARN__DUPLICATE_METHOD_MATCH = YES;
				"CODE_SIGN_IDENTITY[sdk=iphoneos*]" = "iPhone Developer";
				COPY_PHASE_STRIP = NO;
				ENABLE_STRICT_OBJC_MSGSEND = YES;
				GCC_C_LANGUAGE_STANDARD = gnu99;
				GCC_DYNAMIC_NO_PIC = NO;
				GCC_OPTIMIZATION_LEVEL = 0;
				GCC_PREPROCESSOR_DEFINITIONS = (
					"DEBUG=1",
					"$(inherited)",
				);
				GCC_SYMBOLS_PRIVATE_EXTERN = NO;
				GCC_WARN_64_TO_32_BIT_CONVERSION = YES;
				GCC_WARN_ABOUT_RETURN_TYPE = YES_ERROR;
				GCC_WARN_UNDECLARED_SELECTOR = YES;
				GCC_WARN_UNINITIALIZED_AUTOS = YES_AGGRESSIVE;
				GCC_WARN_UNUSED_FUNCTION = YES;
				GCC_WARN_UNUSED_VARIABLE = YES;
				IPHONEOS_DEPLOYMENT_TARGET = 8.0;
				MTL_ENABLE_DEBUG_INFO = YES;
				ONLY_ACTIVE_ARCH = YES;
				SDKROOT = iphoneos;
			};
			name = Debug;
		};
		72D025721A5D99FF00974DD0 /* Release */ = {
			isa = XCBuildConfiguration;
			buildSettings = {
				ALWAYS_SEARCH_USER_PATHS = NO;
				CLANG_CXX_LANGUAGE_STANDARD = "gnu++0x";
				CLANG_CXX_LIBRARY = "libc++";
				CLANG_ENABLE_MODULES = YES;
				CLANG_ENABLE_OBJC_ARC = YES;
				CLANG_WARN_BOOL_CONVERSION = YES;
				CLANG_WARN_CONSTANT_CONVERSION = YES;
				CLANG_WARN_DIRECT_OBJC_ISA_USAGE = YES_ERROR;
				CLANG_WARN_EMPTY_BODY = YES;
				CLANG_WARN_ENUM_CONVERSION = YES;
				CLANG_WARN_INT_CONVERSION = YES;
				CLANG_WARN_OBJC_ROOT_CLASS = YES_ERROR;
				CLANG_WARN_UNREACHABLE_CODE = YES;
				CLANG_WARN__DUPLICATE_METHOD_MATCH = YES;
				"CODE_SIGN_IDENTITY[sdk=iphoneos*]" = "iPhone Developer";
				COPY_PHASE_STRIP = YES;
				ENABLE_NS_ASSERTIONS = NO;
				ENABLE_STRICT_OBJC_MSGSEND = YES;
				GCC_C_LANGUAGE_STANDARD = gnu99;
				GCC_WARN_64_TO_32_BIT_CONVERSION = YES;
				GCC_WARN_ABOUT_RETURN_TYPE = YES_ERROR;
				GCC_WARN_UNDECLARED_SELECTOR = YES;
				GCC_WARN_UNINITIALIZED_AUTOS = YES_AGGRESSIVE;
				GCC_WARN_UNUSED_FUNCTION = YES;
				GCC_WARN_UNUSED_VARIABLE = YES;
				IPHONEOS_DEPLOYMENT_TARGET = 8.0;
				MTL_ENABLE_DEBUG_INFO = NO;
				SDKROOT = iphoneos;
				VALIDATE_PRODUCT = YES;
			};
			name = Release;
		};
		72D025741A5D99FF00974DD0 /* Debug */ = {
			isa = XCBuildConfiguration;
			buildSettings = {
				ASSETCATALOG_COMPILER_APPICON_NAME = AppIcon;
				INFOPLIST_FILE = GoneBananas2/Info.plist;
				LD_RUNPATH_SEARCH_PATHS = "$(inherited) @executable_path/Frameworks";
				PRODUCT_NAME = "$(TARGET_NAME)";
			};
			name = Debug;
		};
		72D025751A5D99FF00974DD0 /* Release */ = {
			isa = XCBuildConfiguration;
			buildSettings = {
				ASSETCATALOG_COMPILER_APPICON_NAME = AppIcon;
				INFOPLIST_FILE = GoneBananas2/Info.plist;
				LD_RUNPATH_SEARCH_PATHS = "$(inherited) @executable_path/Frameworks";
				PRODUCT_NAME = "$(TARGET_NAME)";
			};
			name = Release;
		};
		72D025771A5D99FF00974DD0 /* Debug */ = {
			isa = XCBuildConfiguration;
			buildSettings = {
				BUNDLE_LOADER = "$(TEST_HOST)";
				FRAMEWORK_SEARCH_PATHS = (
					"$(SDKROOT)/Developer/Library/Frameworks",
					"$(inherited)",
				);
				GCC_PREPROCESSOR_DEFINITIONS = (
					"DEBUG=1",
					"$(inherited)",
				);
				INFOPLIST_FILE = GoneBananas2Tests/Info.plist;
				LD_RUNPATH_SEARCH_PATHS = "$(inherited) @executable_path/Frameworks @loader_path/Frameworks";
				PRODUCT_NAME = "$(TARGET_NAME)";
				TEST_HOST = "$(BUILT_PRODUCTS_DIR)/GoneBananas2.app/GoneBananas2";
			};
			name = Debug;
		};
		72D025781A5D99FF00974DD0 /* Release */ = {
			isa = XCBuildConfiguration;
			buildSettings = {
				BUNDLE_LOADER = "$(TEST_HOST)";
				FRAMEWORK_SEARCH_PATHS = (
					"$(SDKROOT)/Developer/Library/Frameworks",
					"$(inherited)",
				);
				INFOPLIST_FILE = GoneBananas2Tests/Info.plist;
				LD_RUNPATH_SEARCH_PATHS = "$(inherited) @executable_path/Frameworks @loader_path/Frameworks";
				PRODUCT_NAME = "$(TARGET_NAME)";
				TEST_HOST = "$(BUILT_PRODUCTS_DIR)/GoneBananas2.app/GoneBananas2";
			};
			name = Release;
		};
/* End XCBuildConfiguration section */

/* Begin XCConfigurationList section */
		72D0254B1A5D99FF00974DD0 /* Build configuration list for PBXProject "GoneBananas2" */ = {
			isa = XCConfigurationList;
			buildConfigurations = (
				72D025711A5D99FF00974DD0 /* Debug */,
				72D025721A5D99FF00974DD0 /* Release */,
			);
			defaultConfigurationIsVisible = 0;
			defaultConfigurationName = Release;
		};
		72D025731A5D99FF00974DD0 /* Build configuration list for PBXNativeTarget "GoneBananas2" */ = {
			isa = XCConfigurationList;
			buildConfigurations = (
				72D025741A5D99FF00974DD0 /* Debug */,
				72D025751A5D99FF00974DD0 /* Release */,
			);
			defaultConfigurationIsVisible = 0;
		};
		72D025761A5D99FF00974DD0 /* Build configuration list for PBXNativeTarget "GoneBananas2Tests" */ = {
			isa = XCConfigurationList;
			buildConfigurations = (
				72D025771A5D99FF00974DD0 /* Debug */,
				72D025781A5D99FF00974DD0 /* Release */,
			);
			defaultConfigurationIsVisible = 0;
		};
/* End XCConfigurationList section */
	};
	rootObject = 72D025481A5D99FF00974DD0 /* Project object */;
}
